
Microsoft Visual Studio Solution File, Format Version 12.00
# Visual Studio 14
VisualStudioVersion = 14.0.25420.1
MinimumVisualStudioVersion = 10.0.40219.1
Project("{FAE04EC0-301F-11D3-BF4B-00C04F79EFBC}") = "Data", "Data\Data.csproj", "{88255D5B-4F2F-4212-A812-2EC2E73240B8}"
EndProject
Project("{FAE04EC0-301F-11D3-BF4B-00C04F79EFBC}") = "Api", "Api\Api.csproj", "{0CE26282-3169-427D-912A-1E267E822EA7}"
EndProject
Project("{FAE04EC0-301F-11D3-BF4B-00C04F79EFBC}") = "Mobile", "App1\App1\Mobile.csproj", "{934ABED8-639E-48B8-BD03-245EA698BDCB}"
EndProject
Project("{FAE04EC0-301F-11D3-BF4B-00C04F79EFBC}") = "Mobile.Droid", "App1\App1.Droid\Mobile.Droid.csproj", "{B834BF7E-EC3C-4C6D-A816-3879914BEB1F}"
EndProject
Project("{FAE04EC0-301F-11D3-BF4B-00C04F79EFBC}") = "Mobile.iOS", "App1\App1.iOS\Mobile.iOS.csproj", "{1FE513C8-864B-44DF-962A-11B73A9C691E}"
EndProject
Project("{FAE04EC0-301F-11D3-BF4B-00C04F79EFBC}") = "App1.WinPhone", "App1\App1.WinPhone\App1.WinPhone.csproj", "{F0FD0C10-7A1F-4B56-BAD2-803AD7E580C9}"
EndProject
Project("{FAE04EC0-301F-11D3-BF4B-00C04F79EFBC}") = "App1.Windows", "App1\App1.Windows\App1.Windows.csproj", "{F1944AE5-D6EE-43E8-BF05-5B19AE6B33FD}"
EndProject
Global
	GlobalSection(SolutionConfigurationPlatforms) = preSolution
		Ad-Hoc|Any CPU = Ad-Hoc|Any CPU
		Ad-Hoc|ARM = Ad-Hoc|ARM
		Ad-Hoc|iPhone = Ad-Hoc|iPhone
		Ad-Hoc|iPhoneSimulator = Ad-Hoc|iPhoneSimulator
		Ad-Hoc|x64 = Ad-Hoc|x64
		Ad-Hoc|x86 = Ad-Hoc|x86
		AppStore|Any CPU = AppStore|Any CPU
		AppStore|ARM = AppStore|ARM
		AppStore|iPhone = AppStore|iPhone
		AppStore|iPhoneSimulator = AppStore|iPhoneSimulator
		AppStore|x64 = AppStore|x64
		AppStore|x86 = AppStore|x86
		Debug|Any CPU = Debug|Any CPU
		Debug|ARM = Debug|ARM
		Debug|iPhone = Debug|iPhone
		Debug|iPhoneSimulator = Debug|iPhoneSimulator
		Debug|x64 = Debug|x64
		Debug|x86 = Debug|x86
		Release|Any CPU = Release|Any CPU
		Release|ARM = Release|ARM
		Release|iPhone = Release|iPhone
		Release|iPhoneSimulator = Release|iPhoneSimulator
		Release|x64 = Release|x64
		Release|x86 = Release|x86
	EndGlobalSection
	GlobalSection(ProjectConfigurationPlatforms) = postSolution
		{88255D5B-4F2F-4212-A812-2EC2E73240B8}.Ad-Hoc|Any CPU.ActiveCfg = Release|Any CPU
		{88255D5B-4F2F-4212-A812-2EC2E73240B8}.Ad-Hoc|Any CPU.Build.0 = Release|Any CPU
		{88255D5B-4F2F-4212-A812-2EC2E73240B8}.Ad-Hoc|ARM.ActiveCfg = Release|Any CPU
		{88255D5B-4F2F-4212-A812-2EC2E73240B8}.Ad-Hoc|ARM.Build.0 = Release|Any CPU
		{88255D5B-4F2F-4212-A812-2EC2E73240B8}.Ad-Hoc|iPhone.ActiveCfg = Release|Any CPU
		{88255D5B-4F2F-4212-A812-2EC2E73240B8}.Ad-Hoc|iPhone.Build.0 = Release|Any CPU
		{88255D5B-4F2F-4212-A812-2EC2E73240B8}.Ad-Hoc|iPhoneSimulator.ActiveCfg = Release|Any CPU
		{88255D5B-4F2F-4212-A812-2EC2E73240B8}.Ad-Hoc|iPhoneSimulator.Build.0 = Release|Any CPU
		{88255D5B-4F2F-4212-A812-2EC2E73240B8}.Ad-Hoc|x64.ActiveCfg = Release|Any CPU
		{88255D5B-4F2F-4212-A812-2EC2E73240B8}.Ad-Hoc|x64.Build.0 = Release|Any CPU
		{88255D5B-4F2F-4212-A812-2EC2E73240B8}.Ad-Hoc|x86.ActiveCfg = Release|Any CPU
		{88255D5B-4F2F-4212-A812-2EC2E73240B8}.Ad-Hoc|x86.Build.0 = Release|Any CPU
		{88255D5B-4F2F-4212-A812-2EC2E73240B8}.AppStore|Any CPU.ActiveCfg = Release|Any CPU
		{88255D5B-4F2F-4212-A812-2EC2E73240B8}.AppStore|Any CPU.Build.0 = Release|Any CPU
		{88255D5B-4F2F-4212-A812-2EC2E73240B8}.AppStore|ARM.ActiveCfg = Release|Any CPU
		{88255D5B-4F2F-4212-A812-2EC2E73240B8}.AppStore|ARM.Build.0 = Release|Any CPU
		{88255D5B-4F2F-4212-A812-2EC2E73240B8}.AppStore|iPhone.ActiveCfg = Release|Any CPU
		{88255D5B-4F2F-4212-A812-2EC2E73240B8}.AppStore|iPhone.Build.0 = Release|Any CPU
		{88255D5B-4F2F-4212-A812-2EC2E73240B8}.AppStore|iPhoneSimulator.ActiveCfg = Release|Any CPU
		{88255D5B-4F2F-4212-A812-2EC2E73240B8}.AppStore|iPhoneSimulator.Build.0 = Release|Any CPU
		{88255D5B-4F2F-4212-A812-2EC2E73240B8}.AppStore|x64.ActiveCfg = Release|Any CPU
		{88255D5B-4F2F-4212-A812-2EC2E73240B8}.AppStore|x64.Build.0 = Release|Any CPU
		{88255D5B-4F2F-4212-A812-2EC2E73240B8}.AppStore|x86.ActiveCfg = Release|Any CPU
		{88255D5B-4F2F-4212-A812-2EC2E73240B8}.AppStore|x86.Build.0 = Release|Any CPU
		{88255D5B-4F2F-4212-A812-2EC2E73240B8}.Debug|Any CPU.ActiveCfg = Debug|Any CPU
		{88255D5B-4F2F-4212-A812-2EC2E73240B8}.Debug|Any CPU.Build.0 = Debug|Any CPU
		{88255D5B-4F2F-4212-A812-2EC2E73240B8}.Debug|ARM.ActiveCfg = Debug|Any CPU
		{88255D5B-4F2F-4212-A812-2EC2E73240B8}.Debug|ARM.Build.0 = Debug|Any CPU
		{88255D5B-4F2F-4212-A812-2EC2E73240B8}.Debug|iPhone.ActiveCfg = Debug|Any CPU
		{88255D5B-4F2F-4212-A812-2EC2E73240B8}.Debug|iPhone.Build.0 = Debug|Any CPU
		{88255D5B-4F2F-4212-A812-2EC2E73240B8}.Debug|iPhoneSimulator.ActiveCfg = Debug|Any CPU
		{88255D5B-4F2F-4212-A812-2EC2E73240B8}.Debug|iPhoneSimulator.Build.0 = Debug|Any CPU
		{88255D5B-4F2F-4212-A812-2EC2E73240B8}.Debug|x64.ActiveCfg = Debug|Any CPU
		{88255D5B-4F2F-4212-A812-2EC2E73240B8}.Debug|x64.Build.0 = Debug|Any CPU
		{88255D5B-4F2F-4212-A812-2EC2E73240B8}.Debug|x86.ActiveCfg = Debug|Any CPU
		{88255D5B-4F2F-4212-A812-2EC2E73240B8}.Debug|x86.Build.0 = Debug|Any CPU
		{88255D5B-4F2F-4212-A812-2EC2E73240B8}.Release|Any CPU.ActiveCfg = Release|Any CPU
		{88255D5B-4F2F-4212-A812-2EC2E73240B8}.Release|Any CPU.Build.0 = Release|Any CPU
		{88255D5B-4F2F-4212-A812-2EC2E73240B8}.Release|ARM.ActiveCfg = Release|Any CPU
		{88255D5B-4F2F-4212-A812-2EC2E73240B8}.Release|ARM.Build.0 = Release|Any CPU
		{88255D5B-4F2F-4212-A812-2EC2E73240B8}.Release|iPhone.ActiveCfg = Release|Any CPU
		{88255D5B-4F2F-4212-A812-2EC2E73240B8}.Release|iPhone.Build.0 = Release|Any CPU
		{88255D5B-4F2F-4212-A812-2EC2E73240B8}.Release|iPhoneSimulator.ActiveCfg = Release|Any CPU
		{88255D5B-4F2F-4212-A812-2EC2E73240B8}.Release|iPhoneSimulator.Build.0 = Release|Any CPU
		{88255D5B-4F2F-4212-A812-2EC2E73240B8}.Release|x64.ActiveCfg = Release|Any CPU
		{88255D5B-4F2F-4212-A812-2EC2E73240B8}.Release|x64.Build.0 = Release|Any CPU
		{88255D5B-4F2F-4212-A812-2EC2E73240B8}.Release|x86.ActiveCfg = Release|Any CPU
		{88255D5B-4F2F-4212-A812-2EC2E73240B8}.Release|x86.Build.0 = Release|Any CPU
		{0CE26282-3169-427D-912A-1E267E822EA7}.Ad-Hoc|Any CPU.ActiveCfg = Release|Any CPU
		{0CE26282-3169-427D-912A-1E267E822EA7}.Ad-Hoc|Any CPU.Build.0 = Release|Any CPU
		{0CE26282-3169-427D-912A-1E267E822EA7}.Ad-Hoc|ARM.ActiveCfg = Release|Any CPU
		{0CE26282-3169-427D-912A-1E267E822EA7}.Ad-Hoc|ARM.Build.0 = Release|Any CPU
		{0CE26282-3169-427D-912A-1E267E822EA7}.Ad-Hoc|iPhone.ActiveCfg = Release|Any CPU
		{0CE26282-3169-427D-912A-1E267E822EA7}.Ad-Hoc|iPhone.Build.0 = Release|Any CPU
		{0CE26282-3169-427D-912A-1E267E822EA7}.Ad-Hoc|iPhoneSimulator.ActiveCfg = Release|Any CPU
		{0CE26282-3169-427D-912A-1E267E822EA7}.Ad-Hoc|iPhoneSimulator.Build.0 = Release|Any CPU
		{0CE26282-3169-427D-912A-1E267E822EA7}.Ad-Hoc|x64.ActiveCfg = Release|Any CPU
		{0CE26282-3169-427D-912A-1E267E822EA7}.Ad-Hoc|x64.Build.0 = Release|Any CPU
		{0CE26282-3169-427D-912A-1E267E822EA7}.Ad-Hoc|x86.ActiveCfg = Release|Any CPU
		{0CE26282-3169-427D-912A-1E267E822EA7}.Ad-Hoc|x86.Build.0 = Release|Any CPU
		{0CE26282-3169-427D-912A-1E267E822EA7}.AppStore|Any CPU.ActiveCfg = Release|Any CPU
		{0CE26282-3169-427D-912A-1E267E822EA7}.AppStore|Any CPU.Build.0 = Release|Any CPU
		{0CE26282-3169-427D-912A-1E267E822EA7}.AppStore|ARM.ActiveCfg = Release|Any CPU
		{0CE26282-3169-427D-912A-1E267E822EA7}.AppStore|ARM.Build.0 = Release|Any CPU
		{0CE26282-3169-427D-912A-1E267E822EA7}.AppStore|iPhone.ActiveCfg = Release|Any CPU
		{0CE26282-3169-427D-912A-1E267E822EA7}.AppStore|iPhone.Build.0 = Release|Any CPU
		{0CE26282-3169-427D-912A-1E267E822EA7}.AppStore|iPhoneSimulator.ActiveCfg = Release|Any CPU
		{0CE26282-3169-427D-912A-1E267E822EA7}.AppStore|iPhoneSimulator.Build.0 = Release|Any CPU
		{0CE26282-3169-427D-912A-1E267E822EA7}.AppStore|x64.ActiveCfg = Release|Any CPU
		{0CE26282-3169-427D-912A-1E267E822EA7}.AppStore|x64.Build.0 = Release|Any CPU
		{0CE26282-3169-427D-912A-1E267E822EA7}.AppStore|x86.ActiveCfg = Release|Any CPU
		{0CE26282-3169-427D-912A-1E267E822EA7}.AppStore|x86.Build.0 = Release|Any CPU
		{0CE26282-3169-427D-912A-1E267E822EA7}.Debug|Any CPU.ActiveCfg = Debug|Any CPU
		{0CE26282-3169-427D-912A-1E267E822EA7}.Debug|Any CPU.Build.0 = Debug|Any CPU
		{0CE26282-3169-427D-912A-1E267E822EA7}.Debug|ARM.ActiveCfg = Debug|Any CPU
		{0CE26282-3169-427D-912A-1E267E822EA7}.Debug|ARM.Build.0 = Debug|Any CPU
		{0CE26282-3169-427D-912A-1E267E822EA7}.Debug|iPhone.ActiveCfg = Debug|Any CPU
		{0CE26282-3169-427D-912A-1E267E822EA7}.Debug|iPhone.Build.0 = Debug|Any CPU
		{0CE26282-3169-427D-912A-1E267E822EA7}.Debug|iPhoneSimulator.ActiveCfg = Debug|Any CPU
		{0CE26282-3169-427D-912A-1E267E822EA7}.Debug|iPhoneSimulator.Build.0 = Debug|Any CPU
		{0CE26282-3169-427D-912A-1E267E822EA7}.Debug|x64.ActiveCfg = Debug|Any CPU
		{0CE26282-3169-427D-912A-1E267E822EA7}.Debug|x64.Build.0 = Debug|Any CPU
		{0CE26282-3169-427D-912A-1E267E822EA7}.Debug|x86.ActiveCfg = Debug|Any CPU
		{0CE26282-3169-427D-912A-1E267E822EA7}.Debug|x86.Build.0 = Debug|Any CPU
		{0CE26282-3169-427D-912A-1E267E822EA7}.Release|Any CPU.ActiveCfg = Release|Any CPU
		{0CE26282-3169-427D-912A-1E267E822EA7}.Release|Any CPU.Build.0 = Release|Any CPU
		{0CE26282-3169-427D-912A-1E267E822EA7}.Release|ARM.ActiveCfg = Release|Any CPU
		{0CE26282-3169-427D-912A-1E267E822EA7}.Release|ARM.Build.0 = Release|Any CPU
		{0CE26282-3169-427D-912A-1E267E822EA7}.Release|iPhone.ActiveCfg = Release|Any CPU
		{0CE26282-3169-427D-912A-1E267E822EA7}.Release|iPhone.Build.0 = Release|Any CPU
		{0CE26282-3169-427D-912A-1E267E822EA7}.Release|iPhoneSimulator.ActiveCfg = Release|Any CPU
		{0CE26282-3169-427D-912A-1E267E822EA7}.Release|iPhoneSimulator.Build.0 = Release|Any CPU
		{0CE26282-3169-427D-912A-1E267E822EA7}.Release|x64.ActiveCfg = Release|Any CPU
		{0CE26282-3169-427D-912A-1E267E822EA7}.Release|x64.Build.0 = Release|Any CPU
		{0CE26282-3169-427D-912A-1E267E822EA7}.Release|x86.ActiveCfg = Release|Any CPU
		{0CE26282-3169-427D-912A-1E267E822EA7}.Release|x86.Build.0 = Release|Any CPU
		{934ABED8-639E-48B8-BD03-245EA698BDCB}.Ad-Hoc|Any CPU.ActiveCfg = Release|Any CPU
		{934ABED8-639E-48B8-BD03-245EA698BDCB}.Ad-Hoc|Any CPU.Build.0 = Release|Any CPU
		{934ABED8-639E-48B8-BD03-245EA698BDCB}.Ad-Hoc|ARM.ActiveCfg = Release|Any CPU
		{934ABED8-639E-48B8-BD03-245EA698BDCB}.Ad-Hoc|ARM.Build.0 = Release|Any CPU
		{934ABED8-639E-48B8-BD03-245EA698BDCB}.Ad-Hoc|iPhone.ActiveCfg = Release|Any CPU
		{934ABED8-639E-48B8-BD03-245EA698BDCB}.Ad-Hoc|iPhone.Build.0 = Release|Any CPU
		{934ABED8-639E-48B8-BD03-245EA698BDCB}.Ad-Hoc|iPhoneSimulator.ActiveCfg = Release|Any CPU
		{934ABED8-639E-48B8-BD03-245EA698BDCB}.Ad-Hoc|iPhoneSimulator.Build.0 = Release|Any CPU
		{934ABED8-639E-48B8-BD03-245EA698BDCB}.Ad-Hoc|x64.ActiveCfg = Release|Any CPU
		{934ABED8-639E-48B8-BD03-245EA698BDCB}.Ad-Hoc|x64.Build.0 = Release|Any CPU
		{934ABED8-639E-48B8-BD03-245EA698BDCB}.Ad-Hoc|x86.ActiveCfg = Release|Any CPU
		{934ABED8-639E-48B8-BD03-245EA698BDCB}.Ad-Hoc|x86.Build.0 = Release|Any CPU
		{934ABED8-639E-48B8-BD03-245EA698BDCB}.AppStore|Any CPU.ActiveCfg = Release|Any CPU
		{934ABED8-639E-48B8-BD03-245EA698BDCB}.AppStore|Any CPU.Build.0 = Release|Any CPU
		{934ABED8-639E-48B8-BD03-245EA698BDCB}.AppStore|ARM.ActiveCfg = Release|Any CPU
		{934ABED8-639E-48B8-BD03-245EA698BDCB}.AppStore|ARM.Build.0 = Release|Any CPU
		{934ABED8-639E-48B8-BD03-245EA698BDCB}.AppStore|iPhone.ActiveCfg = Release|Any CPU
		{934ABED8-639E-48B8-BD03-245EA698BDCB}.AppStore|iPhone.Build.0 = Release|Any CPU
		{934ABED8-639E-48B8-BD03-245EA698BDCB}.AppStore|iPhoneSimulator.ActiveCfg = Release|Any CPU
		{934ABED8-639E-48B8-BD03-245EA698BDCB}.AppStore|iPhoneSimulator.Build.0 = Release|Any CPU
		{934ABED8-639E-48B8-BD03-245EA698BDCB}.AppStore|x64.ActiveCfg = Release|Any CPU
		{934ABED8-639E-48B8-BD03-245EA698BDCB}.AppStore|x64.Build.0 = Release|Any CPU
		{934ABED8-639E-48B8-BD03-245EA698BDCB}.AppStore|x86.ActiveCfg = Release|Any CPU
		{934ABED8-639E-48B8-BD03-245EA698BDCB}.AppStore|x86.Build.0 = Release|Any CPU
		{934ABED8-639E-48B8-BD03-245EA698BDCB}.Debug|Any CPU.ActiveCfg = Debug|Any CPU
		{934ABED8-639E-48B8-BD03-245EA698BDCB}.Debug|Any CPU.Build.0 = Debug|Any CPU
		{934ABED8-639E-48B8-BD03-245EA698BDCB}.Debug|ARM.ActiveCfg = Debug|Any CPU
		{934ABED8-639E-48B8-BD03-245EA698BDCB}.Debug|ARM.Build.0 = Debug|Any CPU
		{934ABED8-639E-48B8-BD03-245EA698BDCB}.Debug|iPhone.ActiveCfg = Debug|Any CPU
		{934ABED8-639E-48B8-BD03-245EA698BDCB}.Debug|iPhone.Build.0 = Debug|Any CPU
		{934ABED8-639E-48B8-BD03-245EA698BDCB}.Debug|iPhoneSimulator.ActiveCfg = Debug|Any CPU
		{934ABED8-639E-48B8-BD03-245EA698BDCB}.Debug|iPhoneSimulator.Build.0 = Debug|Any CPU
		{934ABED8-639E-48B8-BD03-245EA698BDCB}.Debug|x64.ActiveCfg = Debug|Any CPU
		{934ABED8-639E-48B8-BD03-245EA698BDCB}.Debug|x64.Build.0 = Debug|Any CPU
		{934ABED8-639E-48B8-BD03-245EA698BDCB}.Debug|x86.ActiveCfg = Debug|Any CPU
		{934ABED8-639E-48B8-BD03-245EA698BDCB}.Debug|x86.Build.0 = Debug|Any CPU
		{934ABED8-639E-48B8-BD03-245EA698BDCB}.Release|Any CPU.ActiveCfg = Release|Any CPU
		{934ABED8-639E-48B8-BD03-245EA698BDCB}.Release|Any CPU.Build.0 = Release|Any CPU
		{934ABED8-639E-48B8-BD03-245EA698BDCB}.Release|ARM.ActiveCfg = Release|Any CPU
		{934ABED8-639E-48B8-BD03-245EA698BDCB}.Release|ARM.Build.0 = Release|Any CPU
		{934ABED8-639E-48B8-BD03-245EA698BDCB}.Release|iPhone.ActiveCfg = Release|Any CPU
		{934ABED8-639E-48B8-BD03-245EA698BDCB}.Release|iPhone.Build.0 = Release|Any CPU
		{934ABED8-639E-48B8-BD03-245EA698BDCB}.Release|iPhoneSimulator.ActiveCfg = Release|Any CPU
		{934ABED8-639E-48B8-BD03-245EA698BDCB}.Release|iPhoneSimulator.Build.0 = Release|Any CPU
		{934ABED8-639E-48B8-BD03-245EA698BDCB}.Release|x64.ActiveCfg = Release|Any CPU
		{934ABED8-639E-48B8-BD03-245EA698BDCB}.Release|x64.Build.0 = Release|Any CPU
		{934ABED8-639E-48B8-BD03-245EA698BDCB}.Release|x86.ActiveCfg = Release|Any CPU
		{934ABED8-639E-48B8-BD03-245EA698BDCB}.Release|x86.Build.0 = Release|Any CPU
		{B834BF7E-EC3C-4C6D-A816-3879914BEB1F}.Ad-Hoc|Any CPU.ActiveCfg = Release|Any CPU
		{B834BF7E-EC3C-4C6D-A816-3879914BEB1F}.Ad-Hoc|Any CPU.Build.0 = Release|Any CPU
		{B834BF7E-EC3C-4C6D-A816-3879914BEB1F}.Ad-Hoc|Any CPU.Deploy.0 = Release|Any CPU
		{B834BF7E-EC3C-4C6D-A816-3879914BEB1F}.Ad-Hoc|ARM.ActiveCfg = Release|Any CPU
		{B834BF7E-EC3C-4C6D-A816-3879914BEB1F}.Ad-Hoc|ARM.Build.0 = Release|Any CPU
		{B834BF7E-EC3C-4C6D-A816-3879914BEB1F}.Ad-Hoc|ARM.Deploy.0 = Release|Any CPU
		{B834BF7E-EC3C-4C6D-A816-3879914BEB1F}.Ad-Hoc|iPhone.ActiveCfg = Release|Any CPU
		{B834BF7E-EC3C-4C6D-A816-3879914BEB1F}.Ad-Hoc|iPhone.Build.0 = Release|Any CPU
		{B834BF7E-EC3C-4C6D-A816-3879914BEB1F}.Ad-Hoc|iPhone.Deploy.0 = Release|Any CPU
		{B834BF7E-EC3C-4C6D-A816-3879914BEB1F}.Ad-Hoc|iPhoneSimulator.ActiveCfg = Release|Any CPU
		{B834BF7E-EC3C-4C6D-A816-3879914BEB1F}.Ad-Hoc|iPhoneSimulator.Build.0 = Release|Any CPU
		{B834BF7E-EC3C-4C6D-A816-3879914BEB1F}.Ad-Hoc|iPhoneSimulator.Deploy.0 = Release|Any CPU
		{B834BF7E-EC3C-4C6D-A816-3879914BEB1F}.Ad-Hoc|x64.ActiveCfg = Release|Any CPU
		{B834BF7E-EC3C-4C6D-A816-3879914BEB1F}.Ad-Hoc|x64.Build.0 = Release|Any CPU
		{B834BF7E-EC3C-4C6D-A816-3879914BEB1F}.Ad-Hoc|x64.Deploy.0 = Release|Any CPU
		{B834BF7E-EC3C-4C6D-A816-3879914BEB1F}.Ad-Hoc|x86.ActiveCfg = Release|Any CPU
		{B834BF7E-EC3C-4C6D-A816-3879914BEB1F}.Ad-Hoc|x86.Build.0 = Release|Any CPU
		{B834BF7E-EC3C-4C6D-A816-3879914BEB1F}.Ad-Hoc|x86.Deploy.0 = Release|Any CPU
		{B834BF7E-EC3C-4C6D-A816-3879914BEB1F}.AppStore|Any CPU.ActiveCfg = Release|Any CPU
		{B834BF7E-EC3C-4C6D-A816-3879914BEB1F}.AppStore|Any CPU.Build.0 = Release|Any CPU
		{B834BF7E-EC3C-4C6D-A816-3879914BEB1F}.AppStore|Any CPU.Deploy.0 = Release|Any CPU
		{B834BF7E-EC3C-4C6D-A816-3879914BEB1F}.AppStore|ARM.ActiveCfg = Release|Any CPU
		{B834BF7E-EC3C-4C6D-A816-3879914BEB1F}.AppStore|ARM.Build.0 = Release|Any CPU
		{B834BF7E-EC3C-4C6D-A816-3879914BEB1F}.AppStore|ARM.Deploy.0 = Release|Any CPU
		{B834BF7E-EC3C-4C6D-A816-3879914BEB1F}.AppStore|iPhone.ActiveCfg = Release|Any CPU
		{B834BF7E-EC3C-4C6D-A816-3879914BEB1F}.AppStore|iPhone.Build.0 = Release|Any CPU
		{B834BF7E-EC3C-4C6D-A816-3879914BEB1F}.AppStore|iPhone.Deploy.0 = Release|Any CPU
		{B834BF7E-EC3C-4C6D-A816-3879914BEB1F}.AppStore|iPhoneSimulator.ActiveCfg = Release|Any CPU
		{B834BF7E-EC3C-4C6D-A816-3879914BEB1F}.AppStore|iPhoneSimulator.Build.0 = Release|Any CPU
		{B834BF7E-EC3C-4C6D-A816-3879914BEB1F}.AppStore|iPhoneSimulator.Deploy.0 = Release|Any CPU
		{B834BF7E-EC3C-4C6D-A816-3879914BEB1F}.AppStore|x64.ActiveCfg = Release|Any CPU
		{B834BF7E-EC3C-4C6D-A816-3879914BEB1F}.AppStore|x64.Build.0 = Release|Any CPU
		{B834BF7E-EC3C-4C6D-A816-3879914BEB1F}.AppStore|x64.Deploy.0 = Release|Any CPU
		{B834BF7E-EC3C-4C6D-A816-3879914BEB1F}.AppStore|x86.ActiveCfg = Release|Any CPU
		{B834BF7E-EC3C-4C6D-A816-3879914BEB1F}.AppStore|x86.Build.0 = Release|Any CPU
		{B834BF7E-EC3C-4C6D-A816-3879914BEB1F}.AppStore|x86.Deploy.0 = Release|Any CPU
		{B834BF7E-EC3C-4C6D-A816-3879914BEB1F}.Debug|Any CPU.ActiveCfg = Debug|Any CPU
		{B834BF7E-EC3C-4C6D-A816-3879914BEB1F}.Debug|Any CPU.Build.0 = Debug|Any CPU
		{B834BF7E-EC3C-4C6D-A816-3879914BEB1F}.Debug|Any CPU.Deploy.0 = Debug|Any CPU
		{B834BF7E-EC3C-4C6D-A816-3879914BEB1F}.Debug|ARM.ActiveCfg = Debug|Any CPU
		{B834BF7E-EC3C-4C6D-A816-3879914BEB1F}.Debug|ARM.Build.0 = Debug|Any CPU
		{B834BF7E-EC3C-4C6D-A816-3879914BEB1F}.Debug|ARM.Deploy.0 = Debug|Any CPU
		{B834BF7E-EC3C-4C6D-A816-3879914BEB1F}.Debug|iPhone.ActiveCfg = Debug|Any CPU
		{B834BF7E-EC3C-4C6D-A816-3879914BEB1F}.Debug|iPhone.Build.0 = Debug|Any CPU
		{B834BF7E-EC3C-4C6D-A816-3879914BEB1F}.Debug|iPhone.Deploy.0 = Debug|Any CPU
		{B834BF7E-EC3C-4C6D-A816-3879914BEB1F}.Debug|iPhoneSimulator.ActiveCfg = Debug|Any CPU
		{B834BF7E-EC3C-4C6D-A816-3879914BEB1F}.Debug|iPhoneSimulator.Build.0 = Debug|Any CPU
		{B834BF7E-EC3C-4C6D-A816-3879914BEB1F}.Debug|iPhoneSimulator.Deploy.0 = Debug|Any CPU
		{B834BF7E-EC3C-4C6D-A816-3879914BEB1F}.Debug|x64.ActiveCfg = Debug|Any CPU
		{B834BF7E-EC3C-4C6D-A816-3879914BEB1F}.Debug|x64.Build.0 = Debug|Any CPU
		{B834BF7E-EC3C-4C6D-A816-3879914BEB1F}.Debug|x64.Deploy.0 = Debug|Any CPU
		{B834BF7E-EC3C-4C6D-A816-3879914BEB1F}.Debug|x86.ActiveCfg = Debug|Any CPU
		{B834BF7E-EC3C-4C6D-A816-3879914BEB1F}.Debug|x86.Build.0 = Debug|Any CPU
		{B834BF7E-EC3C-4C6D-A816-3879914BEB1F}.Debug|x86.Deploy.0 = Debug|Any CPU
		{B834BF7E-EC3C-4C6D-A816-3879914BEB1F}.Release|Any CPU.ActiveCfg = Release|Any CPU
		{B834BF7E-EC3C-4C6D-A816-3879914BEB1F}.Release|Any CPU.Build.0 = Release|Any CPU
		{B834BF7E-EC3C-4C6D-A816-3879914BEB1F}.Release|Any CPU.Deploy.0 = Release|Any CPU
		{B834BF7E-EC3C-4C6D-A816-3879914BEB1F}.Release|ARM.ActiveCfg = Release|Any CPU
		{B834BF7E-EC3C-4C6D-A816-3879914BEB1F}.Release|ARM.Build.0 = Release|Any CPU
		{B834BF7E-EC3C-4C6D-A816-3879914BEB1F}.Release|ARM.Deploy.0 = Release|Any CPU
		{B834BF7E-EC3C-4C6D-A816-3879914BEB1F}.Release|iPhone.ActiveCfg = Release|Any CPU
		{B834BF7E-EC3C-4C6D-A816-3879914BEB1F}.Release|iPhone.Build.0 = Release|Any CPU
		{B834BF7E-EC3C-4C6D-A816-3879914BEB1F}.Release|iPhone.Deploy.0 = Release|Any CPU
		{B834BF7E-EC3C-4C6D-A816-3879914BEB1F}.Release|iPhoneSimulator.ActiveCfg = Release|Any CPU
		{B834BF7E-EC3C-4C6D-A816-3879914BEB1F}.Release|iPhoneSimulator.Build.0 = Release|Any CPU
		{B834BF7E-EC3C-4C6D-A816-3879914BEB1F}.Release|iPhoneSimulator.Deploy.0 = Release|Any CPU
		{B834BF7E-EC3C-4C6D-A816-3879914BEB1F}.Release|x64.ActiveCfg = Release|Any CPU
		{B834BF7E-EC3C-4C6D-A816-3879914BEB1F}.Release|x64.Build.0 = Release|Any CPU
		{B834BF7E-EC3C-4C6D-A816-3879914BEB1F}.Release|x64.Deploy.0 = Release|Any CPU
		{B834BF7E-EC3C-4C6D-A816-3879914BEB1F}.Release|x86.ActiveCfg = Release|Any CPU
		{B834BF7E-EC3C-4C6D-A816-3879914BEB1F}.Release|x86.Build.0 = Release|Any CPU
		{B834BF7E-EC3C-4C6D-A816-3879914BEB1F}.Release|x86.Deploy.0 = Release|Any CPU
		{1FE513C8-864B-44DF-962A-11B73A9C691E}.Ad-Hoc|Any CPU.ActiveCfg = Ad-Hoc|iPhone
		{1FE513C8-864B-44DF-962A-11B73A9C691E}.Ad-Hoc|ARM.ActiveCfg = Ad-Hoc|iPhone
		{1FE513C8-864B-44DF-962A-11B73A9C691E}.Ad-Hoc|iPhone.ActiveCfg = Ad-Hoc|iPhone
		{1FE513C8-864B-44DF-962A-11B73A9C691E}.Ad-Hoc|iPhone.Build.0 = Ad-Hoc|iPhone
		{1FE513C8-864B-44DF-962A-11B73A9C691E}.Ad-Hoc|iPhoneSimulator.ActiveCfg = Ad-Hoc|iPhoneSimulator
		{1FE513C8-864B-44DF-962A-11B73A9C691E}.Ad-Hoc|iPhoneSimulator.Build.0 = Ad-Hoc|iPhoneSimulator
		{1FE513C8-864B-44DF-962A-11B73A9C691E}.Ad-Hoc|x64.ActiveCfg = Ad-Hoc|iPhone
		{1FE513C8-864B-44DF-962A-11B73A9C691E}.Ad-Hoc|x86.ActiveCfg = Ad-Hoc|iPhone
		{1FE513C8-864B-44DF-962A-11B73A9C691E}.AppStore|Any CPU.ActiveCfg = AppStore|iPhone
		{1FE513C8-864B-44DF-962A-11B73A9C691E}.AppStore|ARM.ActiveCfg = AppStore|iPhone
		{1FE513C8-864B-44DF-962A-11B73A9C691E}.AppStore|iPhone.ActiveCfg = AppStore|iPhone
		{1FE513C8-864B-44DF-962A-11B73A9C691E}.AppStore|iPhone.Build.0 = AppStore|iPhone
		{1FE513C8-864B-44DF-962A-11B73A9C691E}.AppStore|iPhoneSimulator.ActiveCfg = AppStore|iPhoneSimulator
		{1FE513C8-864B-44DF-962A-11B73A9C691E}.AppStore|iPhoneSimulator.Build.0 = AppStore|iPhoneSimulator
		{1FE513C8-864B-44DF-962A-11B73A9C691E}.AppStore|x64.ActiveCfg = AppStore|iPhone
		{1FE513C8-864B-44DF-962A-11B73A9C691E}.AppStore|x86.ActiveCfg = AppStore|iPhone
		{1FE513C8-864B-44DF-962A-11B73A9C691E}.Debug|Any CPU.ActiveCfg = Debug|iPhone
		{1FE513C8-864B-44DF-962A-11B73A9C691E}.Debug|ARM.ActiveCfg = Debug|iPhone
		{1FE513C8-864B-44DF-962A-11B73A9C691E}.Debug|iPhone.ActiveCfg = Debug|iPhone
		{1FE513C8-864B-44DF-962A-11B73A9C691E}.Debug|iPhone.Build.0 = Debug|iPhone
		{1FE513C8-864B-44DF-962A-11B73A9C691E}.Debug|iPhoneSimulator.ActiveCfg = Debug|iPhoneSimulator
		{1FE513C8-864B-44DF-962A-11B73A9C691E}.Debug|iPhoneSimulator.Build.0 = Debug|iPhoneSimulator
		{1FE513C8-864B-44DF-962A-11B73A9C691E}.Debug|x64.ActiveCfg = Debug|iPhone
		{1FE513C8-864B-44DF-962A-11B73A9C691E}.Debug|x86.ActiveCfg = Debug|iPhone
		{1FE513C8-864B-44DF-962A-11B73A9C691E}.Release|Any CPU.ActiveCfg = Release|iPhone
		{1FE513C8-864B-44DF-962A-11B73A9C691E}.Release|ARM.ActiveCfg = Release|iPhone
		{1FE513C8-864B-44DF-962A-11B73A9C691E}.Release|iPhone.ActiveCfg = Release|iPhone
		{1FE513C8-864B-44DF-962A-11B73A9C691E}.Release|iPhone.Build.0 = Release|iPhone
		{1FE513C8-864B-44DF-962A-11B73A9C691E}.Release|iPhoneSimulator.ActiveCfg = Release|iPhoneSimulator
		{1FE513C8-864B-44DF-962A-11B73A9C691E}.Release|iPhoneSimulator.Build.0 = Release|iPhoneSimulator
		{1FE513C8-864B-44DF-962A-11B73A9C691E}.Release|x64.ActiveCfg = Release|iPhone
		{1FE513C8-864B-44DF-962A-11B73A9C691E}.Release|x86.ActiveCfg = Release|iPhone
		{F0FD0C10-7A1F-4B56-BAD2-803AD7E580C9}.Ad-Hoc|Any CPU.ActiveCfg = Release|Any CPU
		{F0FD0C10-7A1F-4B56-BAD2-803AD7E580C9}.Ad-Hoc|Any CPU.Build.0 = Release|Any CPU
		{F0FD0C10-7A1F-4B56-BAD2-803AD7E580C9}.Ad-Hoc|Any CPU.Deploy.0 = Release|Any CPU
		{F0FD0C10-7A1F-4B56-BAD2-803AD7E580C9}.Ad-Hoc|ARM.ActiveCfg = Release|ARM
		{F0FD0C10-7A1F-4B56-BAD2-803AD7E580C9}.Ad-Hoc|ARM.Build.0 = Release|ARM
		{F0FD0C10-7A1F-4B56-BAD2-803AD7E580C9}.Ad-Hoc|ARM.Deploy.0 = Release|ARM
		{F0FD0C10-7A1F-4B56-BAD2-803AD7E580C9}.Ad-Hoc|iPhone.ActiveCfg = Release|Any CPU
		{F0FD0C10-7A1F-4B56-BAD2-803AD7E580C9}.Ad-Hoc|iPhone.Build.0 = Release|Any CPU
		{F0FD0C10-7A1F-4B56-BAD2-803AD7E580C9}.Ad-Hoc|iPhone.Deploy.0 = Release|Any CPU
		{F0FD0C10-7A1F-4B56-BAD2-803AD7E580C9}.Ad-Hoc|iPhoneSimulator.ActiveCfg = Release|Any CPU
		{F0FD0C10-7A1F-4B56-BAD2-803AD7E580C9}.Ad-Hoc|iPhoneSimulator.Build.0 = Release|Any CPU
		{F0FD0C10-7A1F-4B56-BAD2-803AD7E580C9}.Ad-Hoc|iPhoneSimulator.Deploy.0 = Release|Any CPU
		{F0FD0C10-7A1F-4B56-BAD2-803AD7E580C9}.Ad-Hoc|x64.ActiveCfg = Release|Any CPU
		{F0FD0C10-7A1F-4B56-BAD2-803AD7E580C9}.Ad-Hoc|x64.Build.0 = Release|Any CPU
		{F0FD0C10-7A1F-4B56-BAD2-803AD7E580C9}.Ad-Hoc|x64.Deploy.0 = Release|Any CPU
		{F0FD0C10-7A1F-4B56-BAD2-803AD7E580C9}.Ad-Hoc|x86.ActiveCfg = Release|x86
		{F0FD0C10-7A1F-4B56-BAD2-803AD7E580C9}.Ad-Hoc|x86.Build.0 = Release|x86
		{F0FD0C10-7A1F-4B56-BAD2-803AD7E580C9}.Ad-Hoc|x86.Deploy.0 = Release|x86
		{F0FD0C10-7A1F-4B56-BAD2-803AD7E580C9}.AppStore|Any CPU.ActiveCfg = Release|Any CPU
		{F0FD0C10-7A1F-4B56-BAD2-803AD7E580C9}.AppStore|Any CPU.Build.0 = Release|Any CPU
		{F0FD0C10-7A1F-4B56-BAD2-803AD7E580C9}.AppStore|Any CPU.Deploy.0 = Release|Any CPU
		{F0FD0C10-7A1F-4B56-BAD2-803AD7E580C9}.AppStore|ARM.ActiveCfg = Release|ARM
		{F0FD0C10-7A1F-4B56-BAD2-803AD7E580C9}.AppStore|ARM.Build.0 = Release|ARM
		{F0FD0C10-7A1F-4B56-BAD2-803AD7E580C9}.AppStore|ARM.Deploy.0 = Release|ARM
		{F0FD0C10-7A1F-4B56-BAD2-803AD7E580C9}.AppStore|iPhone.ActiveCfg = Release|Any CPU
		{F0FD0C10-7A1F-4B56-BAD2-803AD7E580C9}.AppStore|iPhone.Build.0 = Release|Any CPU
		{F0FD0C10-7A1F-4B56-BAD2-803AD7E580C9}.AppStore|iPhone.Deploy.0 = Release|Any CPU
		{F0FD0C10-7A1F-4B56-BAD2-803AD7E580C9}.AppStore|iPhoneSimulator.ActiveCfg = Release|Any CPU
		{F0FD0C10-7A1F-4B56-BAD2-803AD7E580C9}.AppStore|iPhoneSimulator.Build.0 = Release|Any CPU
		{F0FD0C10-7A1F-4B56-BAD2-803AD7E580C9}.AppStore|iPhoneSimulator.Deploy.0 = Release|Any CPU
		{F0FD0C10-7A1F-4B56-BAD2-803AD7E580C9}.AppStore|x64.ActiveCfg = Release|Any CPU
		{F0FD0C10-7A1F-4B56-BAD2-803AD7E580C9}.AppStore|x64.Build.0 = Release|Any CPU
		{F0FD0C10-7A1F-4B56-BAD2-803AD7E580C9}.AppStore|x64.Deploy.0 = Release|Any CPU
		{F0FD0C10-7A1F-4B56-BAD2-803AD7E580C9}.AppStore|x86.ActiveCfg = Release|x86
		{F0FD0C10-7A1F-4B56-BAD2-803AD7E580C9}.AppStore|x86.Build.0 = Release|x86
		{F0FD0C10-7A1F-4B56-BAD2-803AD7E580C9}.AppStore|x86.Deploy.0 = Release|x86
		{F0FD0C10-7A1F-4B56-BAD2-803AD7E580C9}.Debug|Any CPU.ActiveCfg = Debug|Any CPU
		{F0FD0C10-7A1F-4B56-BAD2-803AD7E580C9}.Debug|Any CPU.Build.0 = Debug|Any CPU
		{F0FD0C10-7A1F-4B56-BAD2-803AD7E580C9}.Debug|Any CPU.Deploy.0 = Debug|Any CPU
		{F0FD0C10-7A1F-4B56-BAD2-803AD7E580C9}.Debug|ARM.ActiveCfg = Debug|ARM
		{F0FD0C10-7A1F-4B56-BAD2-803AD7E580C9}.Debug|ARM.Build.0 = Debug|ARM
		{F0FD0C10-7A1F-4B56-BAD2-803AD7E580C9}.Debug|ARM.Deploy.0 = Debug|ARM
		{F0FD0C10-7A1F-4B56-BAD2-803AD7E580C9}.Debug|iPhone.ActiveCfg = Debug|Any CPU
		{F0FD0C10-7A1F-4B56-BAD2-803AD7E580C9}.Debug|iPhone.Build.0 = Debug|Any CPU
		{F0FD0C10-7A1F-4B56-BAD2-803AD7E580C9}.Debug|iPhone.Deploy.0 = Debug|Any CPU
		{F0FD0C10-7A1F-4B56-BAD2-803AD7E580C9}.Debug|iPhoneSimulator.ActiveCfg = Debug|Any CPU
		{F0FD0C10-7A1F-4B56-BAD2-803AD7E580C9}.Debug|iPhoneSimulator.Build.0 = Debug|Any CPU
		{F0FD0C10-7A1F-4B56-BAD2-803AD7E580C9}.Debug|iPhoneSimulator.Deploy.0 = Debug|Any CPU
		{F0FD0C10-7A1F-4B56-BAD2-803AD7E580C9}.Debug|x64.ActiveCfg = Debug|Any CPU
		{F0FD0C10-7A1F-4B56-BAD2-803AD7E580C9}.Debug|x64.Build.0 = Debug|Any CPU
		{F0FD0C10-7A1F-4B56-BAD2-803AD7E580C9}.Debug|x64.Deploy.0 = Debug|Any CPU
		{F0FD0C10-7A1F-4B56-BAD2-803AD7E580C9}.Debug|x86.ActiveCfg = Debug|x86
		{F0FD0C10-7A1F-4B56-BAD2-803AD7E580C9}.Debug|x86.Build.0 = Debug|x86
		{F0FD0C10-7A1F-4B56-BAD2-803AD7E580C9}.Debug|x86.Deploy.0 = Debug|x86
		{F0FD0C10-7A1F-4B56-BAD2-803AD7E580C9}.Release|Any CPU.ActiveCfg = Release|Any CPU
		{F0FD0C10-7A1F-4B56-BAD2-803AD7E580C9}.Release|Any CPU.Build.0 = Release|Any CPU
		{F0FD0C10-7A1F-4B56-BAD2-803AD7E580C9}.Release|Any CPU.Deploy.0 = Release|Any CPU
		{F0FD0C10-7A1F-4B56-BAD2-803AD7E580C9}.Release|ARM.ActiveCfg = Release|ARM
		{F0FD0C10-7A1F-4B56-BAD2-803AD7E580C9}.Release|ARM.Build.0 = Release|ARM
		{F0FD0C10-7A1F-4B56-BAD2-803AD7E580C9}.Release|ARM.Deploy.0 = Release|ARM
		{F0FD0C10-7A1F-4B56-BAD2-803AD7E580C9}.Release|iPhone.ActiveCfg = Release|Any CPU
		{F0FD0C10-7A1F-4B56-BAD2-803AD7E580C9}.Release|iPhone.Build.0 = Release|Any CPU
		{F0FD0C10-7A1F-4B56-BAD2-803AD7E580C9}.Release|iPhone.Deploy.0 = Release|Any CPU
		{F0FD0C10-7A1F-4B56-BAD2-803AD7E580C9}.Release|iPhoneSimulator.ActiveCfg = Release|Any CPU
		{F0FD0C10-7A1F-4B56-BAD2-803AD7E580C9}.Release|iPhoneSimulator.Build.0 = Release|Any CPU
		{F0FD0C10-7A1F-4B56-BAD2-803AD7E580C9}.Release|iPhoneSimulator.Deploy.0 = Release|Any CPU
		{F0FD0C10-7A1F-4B56-BAD2-803AD7E580C9}.Release|x64.ActiveCfg = Release|Any CPU
		{F0FD0C10-7A1F-4B56-BAD2-803AD7E580C9}.Release|x64.Build.0 = Release|Any CPU
		{F0FD0C10-7A1F-4B56-BAD2-803AD7E580C9}.Release|x64.Deploy.0 = Release|Any CPU
		{F0FD0C10-7A1F-4B56-BAD2-803AD7E580C9}.Release|x86.ActiveCfg = Release|x86
		{F0FD0C10-7A1F-4B56-BAD2-803AD7E580C9}.Release|x86.Build.0 = Release|x86
		{F0FD0C10-7A1F-4B56-BAD2-803AD7E580C9}.Release|x86.Deploy.0 = Release|x86
		{F1944AE5-D6EE-43E8-BF05-5B19AE6B33FD}.Ad-Hoc|Any CPU.ActiveCfg = Release|Any CPU
		{F1944AE5-D6EE-43E8-BF05-5B19AE6B33FD}.Ad-Hoc|Any CPU.Build.0 = Release|Any CPU
		{F1944AE5-D6EE-43E8-BF05-5B19AE6B33FD}.Ad-Hoc|Any CPU.Deploy.0 = Release|Any CPU
		{F1944AE5-D6EE-43E8-BF05-5B19AE6B33FD}.Ad-Hoc|ARM.ActiveCfg = Release|ARM
		{F1944AE5-D6EE-43E8-BF05-5B19AE6B33FD}.Ad-Hoc|ARM.Build.0 = Release|ARM
		{F1944AE5-D6EE-43E8-BF05-5B19AE6B33FD}.Ad-Hoc|ARM.Deploy.0 = Release|ARM
		{F1944AE5-D6EE-43E8-BF05-5B19AE6B33FD}.Ad-Hoc|iPhone.ActiveCfg = Release|Any CPU
		{F1944AE5-D6EE-43E8-BF05-5B19AE6B33FD}.Ad-Hoc|iPhone.Build.0 = Release|Any CPU
		{F1944AE5-D6EE-43E8-BF05-5B19AE6B33FD}.Ad-Hoc|iPhone.Deploy.0 = Release|Any CPU
		{F1944AE5-D6EE-43E8-BF05-5B19AE6B33FD}.Ad-Hoc|iPhoneSimulator.ActiveCfg = Release|Any CPU
		{F1944AE5-D6EE-43E8-BF05-5B19AE6B33FD}.Ad-Hoc|iPhoneSimulator.Build.0 = Release|Any CPU
		{F1944AE5-D6EE-43E8-BF05-5B19AE6B33FD}.Ad-Hoc|iPhoneSimulator.Deploy.0 = Release|Any CPU
		{F1944AE5-D6EE-43E8-BF05-5B19AE6B33FD}.Ad-Hoc|x64.ActiveCfg = Release|x64
		{F1944AE5-D6EE-43E8-BF05-5B19AE6B33FD}.Ad-Hoc|x64.Build.0 = Release|x64
		{F1944AE5-D6EE-43E8-BF05-5B19AE6B33FD}.Ad-Hoc|x64.Deploy.0 = Release|x64
		{F1944AE5-D6EE-43E8-BF05-5B19AE6B33FD}.Ad-Hoc|x86.ActiveCfg = Release|x86
		{F1944AE5-D6EE-43E8-BF05-5B19AE6B33FD}.Ad-Hoc|x86.Build.0 = Release|x86
		{F1944AE5-D6EE-43E8-BF05-5B19AE6B33FD}.Ad-Hoc|x86.Deploy.0 = Release|x86
		{F1944AE5-D6EE-43E8-BF05-5B19AE6B33FD}.AppStore|Any CPU.ActiveCfg = Release|Any CPU
		{F1944AE5-D6EE-43E8-BF05-5B19AE6B33FD}.AppStore|Any CPU.Build.0 = Release|Any CPU
		{F1944AE5-D6EE-43E8-BF05-5B19AE6B33FD}.AppStore|Any CPU.Deploy.0 = Release|Any CPU
		{F1944AE5-D6EE-43E8-BF05-5B19AE6B33FD}.AppStore|ARM.ActiveCfg = Release|ARM
		{F1944AE5-D6EE-43E8-BF05-5B19AE6B33FD}.AppStore|ARM.Build.0 = Release|ARM
		{F1944AE5-D6EE-43E8-BF05-5B19AE6B33FD}.AppStore|ARM.Deploy.0 = Release|ARM
		{F1944AE5-D6EE-43E8-BF05-5B19AE6B33FD}.AppStore|iPhone.ActiveCfg = Release|Any CPU
		{F1944AE5-D6EE-43E8-BF05-5B19AE6B33FD}.AppStore|iPhone.Build.0 = Release|Any CPU
		{F1944AE5-D6EE-43E8-BF05-5B19AE6B33FD}.AppStore|iPhone.Deploy.0 = Release|Any CPU
		{F1944AE5-D6EE-43E8-BF05-5B19AE6B33FD}.AppStore|iPhoneSimulator.ActiveCfg = Release|Any CPU
		{F1944AE5-D6EE-43E8-BF05-5B19AE6B33FD}.AppStore|iPhoneSimulator.Build.0 = Release|Any CPU
		{F1944AE5-D6EE-43E8-BF05-5B19AE6B33FD}.AppStore|iPhoneSimulator.Deploy.0 = Release|Any CPU
		{F1944AE5-D6EE-43E8-BF05-5B19AE6B33FD}.AppStore|x64.ActiveCfg = Release|x64
		{F1944AE5-D6EE-43E8-BF05-5B19AE6B33FD}.AppStore|x64.Build.0 = Release|x64
		{F1944AE5-D6EE-43E8-BF05-5B19AE6B33FD}.AppStore|x64.Deploy.0 = Release|x64
		{F1944AE5-D6EE-43E8-BF05-5B19AE6B33FD}.AppStore|x86.ActiveCfg = Release|x86
		{F1944AE5-D6EE-43E8-BF05-5B19AE6B33FD}.AppStore|x86.Build.0 = Release|x86
		{F1944AE5-D6EE-43E8-BF05-5B19AE6B33FD}.AppStore|x86.Deploy.0 = Release|x86
		{F1944AE5-D6EE-43E8-BF05-5B19AE6B33FD}.Debug|Any CPU.ActiveCfg = Debug|Any CPU
		{F1944AE5-D6EE-43E8-BF05-5B19AE6B33FD}.Debug|Any CPU.Build.0 = Debug|Any CPU
		{F1944AE5-D6EE-43E8-BF05-5B19AE6B33FD}.Debug|Any CPU.Deploy.0 = Debug|Any CPU
		{F1944AE5-D6EE-43E8-BF05-5B19AE6B33FD}.Debug|ARM.ActiveCfg = Debug|ARM
		{F1944AE5-D6EE-43E8-BF05-5B19AE6B33FD}.Debug|ARM.Build.0 = Debug|ARM
		{F1944AE5-D6EE-43E8-BF05-5B19AE6B33FD}.Debug|ARM.Deploy.0 = Debug|ARM
		{F1944AE5-D6EE-43E8-BF05-5B19AE6B33FD}.Debug|iPhone.ActiveCfg = Debug|Any CPU
		{F1944AE5-D6EE-43E8-BF05-5B19AE6B33FD}.Debug|iPhone.Build.0 = Debug|Any CPU
		{F1944AE5-D6EE-43E8-BF05-5B19AE6B33FD}.Debug|iPhone.Deploy.0 = Debug|Any CPU
		{F1944AE5-D6EE-43E8-BF05-5B19AE6B33FD}.Debug|iPhoneSimulator.ActiveCfg = Debug|Any CPU
		{F1944AE5-D6EE-43E8-BF05-5B19AE6B33FD}.Debug|iPhoneSimulator.Build.0 = Debug|Any CPU
		{F1944AE5-D6EE-43E8-BF05-5B19AE6B33FD}.Debug|iPhoneSimulator.Deploy.0 = Debug|Any CPU
		{F1944AE5-D6EE-43E8-BF05-5B19AE6B33FD}.Debug|x64.ActiveCfg = Debug|x64
		{F1944AE5-D6EE-43E8-BF05-5B19AE6B33FD}.Debug|x64.Build.0 = Debug|x64
		{F1944AE5-D6EE-43E8-BF05-5B19AE6B33FD}.Debug|x64.Deploy.0 = Debug|x64
		{F1944AE5-D6EE-43E8-BF05-5B19AE6B33FD}.Debug|x86.ActiveCfg = Debug|x86
		{F1944AE5-D6EE-43E8-BF05-5B19AE6B33FD}.Debug|x86.Build.0 = Debug|x86
		{F1944AE5-D6EE-43E8-BF05-5B19AE6B33FD}.Debug|x86.Deploy.0 = Debug|x86
		{F1944AE5-D6EE-43E8-BF05-5B19AE6B33FD}.Release|Any CPU.ActiveCfg = Release|Any CPU
		{F1944AE5-D6EE-43E8-BF05-5B19AE6B33FD}.Release|Any CPU.Build.0 = Release|Any CPU
		{F1944AE5-D6EE-43E8-BF05-5B19AE6B33FD}.Release|Any CPU.Deploy.0 = Release|Any CPU
		{F1944AE5-D6EE-43E8-BF05-5B19AE6B33FD}.Release|ARM.ActiveCfg = Release|ARM
		{F1944AE5-D6EE-43E8-BF05-5B19AE6B33FD}.Release|ARM.Build.0 = Release|ARM
		{F1944AE5-D6EE-43E8-BF05-5B19AE6B33FD}.Release|ARM.Deploy.0 = Release|ARM
		{F1944AE5-D6EE-43E8-BF05-5B19AE6B33FD}.Release|iPhone.ActiveCfg = Release|Any CPU
		{F1944AE5-D6EE-43E8-BF05-5B19AE6B33FD}.Release|iPhone.Build.0 = Release|Any CPU
		{F1944AE5-D6EE-43E8-BF05-5B19AE6B33FD}.Release|iPhone.Deploy.0 = Release|Any CPU
		{F1944AE5-D6EE-43E8-BF05-5B19AE6B33FD}.Release|iPhoneSimulator.ActiveCfg = Release|Any CPU
		{F1944AE5-D6EE-43E8-BF05-5B19AE6B33FD}.Release|iPhoneSimulator.Build.0 = Release|Any CPU
		{F1944AE5-D6EE-43E8-BF05-5B19AE6B33FD}.Release|iPhoneSimulator.Deploy.0 = Release|Any CPU
		{F1944AE5-D6EE-43E8-BF05-5B19AE6B33FD}.Release|x64.ActiveCfg = Release|x64
		{F1944AE5-D6EE-43E8-BF05-5B19AE6B33FD}.Release|x64.Build.0 = Release|x64
		{F1944AE5-D6EE-43E8-BF05-5B19AE6B33FD}.Release|x64.Deploy.0 = Release|x64
		{F1944AE5-D6EE-43E8-BF05-5B19AE6B33FD}.Release|x86.ActiveCfg = Release|x86
		{F1944AE5-D6EE-43E8-BF05-5B19AE6B33FD}.Release|x86.Build.0 = Release|x86
		{F1944AE5-D6EE-43E8-BF05-5B19AE6B33FD}.Release|x86.Deploy.0 = Release|x86
	EndGlobalSection
	GlobalSection(SolutionProperties) = preSolution
		HideSolutionNode = FALSE
	EndGlobalSection
EndGlobal
